
Microsoft Visual Studio Solution File, Format Version 12.00
# Visual Studio Version 17
VisualStudioVersion = 17.5.002.0
MinimumVisualStudioVersion = 10.0.40219.1
Project("{9A19103F-16F7-4668-BE54-9A1E7A4F7556}") = "RestAPI", "RestAPI\RestAPI.csproj", "{CEC51285-7A44-4CAC-AC77-0677AA425422}"
EndProject
Project("{FAE04EC0-301F-11D3-BF4B-00C04F79EFBC}") = "OcrWorker", "OcrWorker\OcrWorker.csproj", "{A9EC59C7-B284-4BD7-88D4-AB3057368310}"
EndProject
Project("{FAE04EC0-301F-11D3-BF4B-00C04F79EFBC}") = "UnitTests", "UnitTests\UnitTests.csproj", "{C6FE22FA-5001-4C5B-92F1-F3BAAE15184A}"
EndProject
Project("{FAE04EC0-301F-11D3-BF4B-00C04F79EFBC}") = "RabbitMQ", "RabbitMQ\RabbitMQ.csproj", "{EFDC5E70-C294-437A-A616-E98F8FBEBF59}"
EndProject
Project("{FAE04EC0-301F-11D3-BF4B-00C04F79EFBC}") = "NMinio", "NMinio\NMinio.csproj", "{9AECC888-B639-434C-95A7-0EA6B218D94B}"
EndProject
Project("{FAE04EC0-301F-11D3-BF4B-00C04F79EFBC}") = "Logging", "Logging\Logging.csproj", "{021204E9-2A10-4845-9698-FC98B2F81F58}"
EndProject
Project("{FAE04EC0-301F-11D3-BF4B-00C04F79EFBC}") = "DAL", "DAL\DAL.csproj", "{0815820C-7171-41E8-AE9C-872603E7AC0C}"
EndProject
Project("{FAE04EC0-301F-11D3-BF4B-00C04F79EFBC}") = "Exceptions", "Exceptions\Exceptions.csproj", "{54A1FAE2-FD43-47FD-B4A1-6756AF474563}"
EndProject
Project("{FAE04EC0-301F-11D3-BF4B-00C04F79EFBC}") = "BLL", "BLL\BLL.csproj", "{C4B661E9-EC53-4A77-90B5-17990BD74865}"
EndProject
Project("{FAE04EC0-301F-11D3-BF4B-00C04F79EFBC}") = "IntegrationTests", "IntegrationTests\IntegrationTests.csproj", "{1B5EFDE6-3EE2-4999-A49C-A1195274ECA5}"
EndProject
Global
	GlobalSection(SolutionConfigurationPlatforms) = preSolution
		Debug|Any CPU = Debug|Any CPU
		Release|Any CPU = Release|Any CPU
	EndGlobalSection
	GlobalSection(ProjectConfigurationPlatforms) = postSolution
		{CEC51285-7A44-4CAC-AC77-0677AA425422}.Debug|Any CPU.ActiveCfg = Debug|Any CPU
		{CEC51285-7A44-4CAC-AC77-0677AA425422}.Debug|Any CPU.Build.0 = Debug|Any CPU
		{CEC51285-7A44-4CAC-AC77-0677AA425422}.Release|Any CPU.ActiveCfg = Release|Any CPU
		{CEC51285-7A44-4CAC-AC77-0677AA425422}.Release|Any CPU.Build.0 = Release|Any CPU
		{A9EC59C7-B284-4BD7-88D4-AB3057368310}.Debug|Any CPU.ActiveCfg = Debug|Any CPU
		{A9EC59C7-B284-4BD7-88D4-AB3057368310}.Debug|Any CPU.Build.0 = Debug|Any CPU
		{A9EC59C7-B284-4BD7-88D4-AB3057368310}.Release|Any CPU.ActiveCfg = Release|Any CPU
		{A9EC59C7-B284-4BD7-88D4-AB3057368310}.Release|Any CPU.Build.0 = Release|Any CPU
		{C6FE22FA-5001-4C5B-92F1-F3BAAE15184A}.Debug|Any CPU.ActiveCfg = Debug|Any CPU
		{C6FE22FA-5001-4C5B-92F1-F3BAAE15184A}.Debug|Any CPU.Build.0 = Debug|Any CPU
		{C6FE22FA-5001-4C5B-92F1-F3BAAE15184A}.Release|Any CPU.ActiveCfg = Release|Any CPU
		{C6FE22FA-5001-4C5B-92F1-F3BAAE15184A}.Release|Any CPU.Build.0 = Release|Any CPU
		{1AC21764-6648-4656-AADD-6F7BBC569EED}.Debug|Any CPU.ActiveCfg = Debug|Any CPU
		{1AC21764-6648-4656-AADD-6F7BBC569EED}.Debug|Any CPU.Build.0 = Debug|Any CPU
		{1AC21764-6648-4656-AADD-6F7BBC569EED}.Release|Any CPU.ActiveCfg = Release|Any CPU
		{1AC21764-6648-4656-AADD-6F7BBC569EED}.Release|Any CPU.Build.0 = Release|Any CPU
		{EFDC5E70-C294-437A-A616-E98F8FBEBF59}.Debug|Any CPU.ActiveCfg = Debug|Any CPU
		{EFDC5E70-C294-437A-A616-E98F8FBEBF59}.Debug|Any CPU.Build.0 = Debug|Any CPU
		{EFDC5E70-C294-437A-A616-E98F8FBEBF59}.Release|Any CPU.ActiveCfg = Release|Any CPU
		{EFDC5E70-C294-437A-A616-E98F8FBEBF59}.Release|Any CPU.Build.0 = Release|Any CPU
		{9AECC888-B639-434C-95A7-0EA6B218D94B}.Debug|Any CPU.ActiveCfg = Debug|Any CPU
		{9AECC888-B639-434C-95A7-0EA6B218D94B}.Debug|Any CPU.Build.0 = Debug|Any CPU
		{9AECC888-B639-434C-95A7-0EA6B218D94B}.Release|Any CPU.ActiveCfg = Release|Any CPU
		{9AECC888-B639-434C-95A7-0EA6B218D94B}.Release|Any CPU.Build.0 = Release|Any CPU
		{021204E9-2A10-4845-9698-FC98B2F81F58}.Debug|Any CPU.ActiveCfg = Debug|Any CPU
		{021204E9-2A10-4845-9698-FC98B2F81F58}.Debug|Any CPU.Build.0 = Debug|Any CPU
		{021204E9-2A10-4845-9698-FC98B2F81F58}.Release|Any CPU.ActiveCfg = Release|Any CPU
		{021204E9-2A10-4845-9698-FC98B2F81F58}.Release|Any CPU.Build.0 = Release|Any CPU
		{0815820C-7171-41E8-AE9C-872603E7AC0C}.Debug|Any CPU.ActiveCfg = Debug|Any CPU
		{0815820C-7171-41E8-AE9C-872603E7AC0C}.Debug|Any CPU.Build.0 = Debug|Any CPU
		{0815820C-7171-41E8-AE9C-872603E7AC0C}.Release|Any CPU.ActiveCfg = Release|Any CPU
		{0815820C-7171-41E8-AE9C-872603E7AC0C}.Release|Any CPU.Build.0 = Release|Any CPU
		{54A1FAE2-FD43-47FD-B4A1-6756AF474563}.Debug|Any CPU.ActiveCfg = Debug|Any CPU
		{54A1FAE2-FD43-47FD-B4A1-6756AF474563}.Debug|Any CPU.Build.0 = Debug|Any CPU
		{54A1FAE2-FD43-47FD-B4A1-6756AF474563}.Release|Any CPU.ActiveCfg = Release|Any CPU
		{54A1FAE2-FD43-47FD-B4A1-6756AF474563}.Release|Any CPU.Build.0 = Release|Any CPU
		{C4B661E9-EC53-4A77-90B5-17990BD74865}.Debug|Any CPU.ActiveCfg = Debug|Any CPU
		{C4B661E9-EC53-4A77-90B5-17990BD74865}.Debug|Any CPU.Build.0 = Debug|Any CPU
		{C4B661E9-EC53-4A77-90B5-17990BD74865}.Release|Any CPU.ActiveCfg = Release|Any CPU
		{C4B661E9-EC53-4A77-90B5-17990BD74865}.Release|Any CPU.Build.0 = Release|Any CPU
		{1B5EFDE6-3EE2-4999-A49C-A1195274ECA5}.Debug|Any CPU.ActiveCfg = Debug|Any CPU
		{1B5EFDE6-3EE2-4999-A49C-A1195274ECA5}.Debug|Any CPU.Build.0 = Debug|Any CPU
		{1B5EFDE6-3EE2-4999-A49C-A1195274ECA5}.Release|Any CPU.ActiveCfg = Release|Any CPU
		{1B5EFDE6-3EE2-4999-A49C-A1195274ECA5}.Release|Any CPU.Build.0 = Release|Any CPU
	EndGlobalSection
	GlobalSection(SolutionProperties) = preSolution
		HideSolutionNode = FALSE
	EndGlobalSection
	GlobalSection(ExtensibilityGlobals) = postSolution
		SolutionGuid = {E34E9D27-563D-4BE8-8007-1BFE0181CF43}
	EndGlobalSection
EndGlobal
